
Microsoft Visual Studio Solution File, Format Version 12.00
# Visual Studio Version 17
VisualStudioVersion = 17.10.35122.118
MinimumVisualStudioVersion = 10.0.40219.1
Project("{FAE04EC0-301F-11D3-BF4B-00C04F79EFBC}") = "App-Web-Hospital-Horizonte", "App-Web-Hospital-Horizonte\App-Web-Hospital-Horizonte.csproj", "{198D8B28-06AF-412C-94A4-213C3222B3B3}"
EndProject
Global
	GlobalSection(SolutionConfigurationPlatforms) = preSolution
		Debug|Any CPU = Debug|Any CPU
		Release|Any CPU = Release|Any CPU
	EndGlobalSection
	GlobalSection(ProjectConfigurationPlatforms) = postSolution
		{198D8B28-06AF-412C-94A4-213C3222B3B3}.Debug|Any CPU.ActiveCfg = Debug|Any CPU
		{198D8B28-06AF-412C-94A4-213C3222B3B3}.Debug|Any CPU.Build.0 = Debug|Any CPU
		{198D8B28-06AF-412C-94A4-213C3222B3B3}.Release|Any CPU.ActiveCfg = Release|Any CPU
		{198D8B28-06AF-412C-94A4-213C3222B3B3}.Release|Any CPU.Build.0 = Release|Any CPU
	EndGlobalSection
	GlobalSection(SolutionProperties) = preSolution
		HideSolutionNode = FALSE
	EndGlobalSection
	GlobalSection(ExtensibilityGlobals) = postSolution
		SolutionGuid = {AD899E45-6CA8-45B0-BDBB-F347E80D12EA}
	EndGlobalSection
EndGlobal
